
Microsoft Visual Studio Solution File, Format Version 12.00
# Visual Studio Version 17
VisualStudioVersion = 17.14.36202.13
MinimumVisualStudioVersion = 10.0.40219.1
Project("{FAE04EC0-301F-11D3-BF4B-00C04F79EFBC}") = "Arista_ZebraTablet", "Arista_ZebraTablet\Arista_ZebraTablet\Arista_ZebraTablet.csproj", "{B4A1C39F-83F2-42FB-A8A5-447D06F60F19}"
EndProject
Project("{FAE04EC0-301F-11D3-BF4B-00C04F79EFBC}") = "Arista_ZebraTablet.Shared", "Arista_ZebraTablet\Arista_ZebraTablet.Shared\Arista_ZebraTablet.Shared.csproj", "{3A332216-8CB3-44D1-969B-50FE2F21D4D1}"
EndProject
Project("{FAE04EC0-301F-11D3-BF4B-00C04F79EFBC}") = "Arista_ZebraTablet.Web", "Arista_ZebraTablet\Arista_ZebraTablet.Web\Arista_ZebraTablet.Web.csproj", "{FAED8C4D-9492-4BEE-B725-3B56EB34E5FB}"
EndProject
Global
	GlobalSection(SolutionConfigurationPlatforms) = preSolution
		Debug|Any CPU = Debug|Any CPU
		Release|Any CPU = Release|Any CPU
	EndGlobalSection
	GlobalSection(ProjectConfigurationPlatforms) = postSolution
		{B4A1C39F-83F2-42FB-A8A5-447D06F60F19}.Debug|Any CPU.ActiveCfg = Debug|Any CPU
		{B4A1C39F-83F2-42FB-A8A5-447D06F60F19}.Debug|Any CPU.Build.0 = Debug|Any CPU
		{B4A1C39F-83F2-42FB-A8A5-447D06F60F19}.Debug|Any CPU.Deploy.0 = Debug|Any CPU
		{B4A1C39F-83F2-42FB-A8A5-447D06F60F19}.Release|Any CPU.ActiveCfg = Release|Any CPU
		{B4A1C39F-83F2-42FB-A8A5-447D06F60F19}.Release|Any CPU.Build.0 = Release|Any CPU
		{3A332216-8CB3-44D1-969B-50FE2F21D4D1}.Debug|Any CPU.ActiveCfg = Debug|Any CPU
		{3A332216-8CB3-44D1-969B-50FE2F21D4D1}.Debug|Any CPU.Build.0 = Debug|Any CPU
		{3A332216-8CB3-44D1-969B-50FE2F21D4D1}.Release|Any CPU.ActiveCfg = Release|Any CPU
		{3A332216-8CB3-44D1-969B-50FE2F21D4D1}.Release|Any CPU.Build.0 = Release|Any CPU
		{FAED8C4D-9492-4BEE-B725-3B56EB34E5FB}.Debug|Any CPU.ActiveCfg = Debug|Any CPU
		{FAED8C4D-9492-4BEE-B725-3B56EB34E5FB}.Debug|Any CPU.Build.0 = Debug|Any CPU
		{FAED8C4D-9492-4BEE-B725-3B56EB34E5FB}.Release|Any CPU.ActiveCfg = Release|Any CPU
		{FAED8C4D-9492-4BEE-B725-3B56EB34E5FB}.Release|Any CPU.Build.0 = Release|Any CPU
	EndGlobalSection
	GlobalSection(SolutionProperties) = preSolution
		HideSolutionNode = FALSE
	EndGlobalSection
	GlobalSection(ExtensibilityGlobals) = postSolution
		SolutionGuid = {9C0D03B8-30AE-48E0-862E-E48319A9852F}
	EndGlobalSection
EndGlobal
